
Microsoft Visual Studio Solution File, Format Version 12.00
# Visual Studio Version 17
VisualStudioVersion = 17.7.34221.43
MinimumVisualStudioVersion = 10.0.40219.1
Project("{FAE04EC0-301F-11D3-BF4B-00C04F79EFBC}") = "LOGIN_REGISTRATION", "KHELA GHOR\LOGIN_REGISTRATION.csproj", "{FAC8BADE-8F3F-4801-9A13-3AD9366AF027}"
EndProject
Project("{FAE04EC0-301F-11D3-BF4B-00C04F79EFBC}") = "DASHBOARD", "DASHBOARD\DASHBOARD.csproj", "{574DD541-7DC8-4F8B-9318-1013A2A5A1F0}"
EndProject
Global
	GlobalSection(SolutionConfigurationPlatforms) = preSolution
		Debug|Any CPU = Debug|Any CPU
		Release|Any CPU = Release|Any CPU
	EndGlobalSection
	GlobalSection(ProjectConfigurationPlatforms) = postSolution
		{FAC8BADE-8F3F-4801-9A13-3AD9366AF027}.Debug|Any CPU.ActiveCfg = Debug|Any CPU
		{FAC8BADE-8F3F-4801-9A13-3AD9366AF027}.Debug|Any CPU.Build.0 = Debug|Any CPU
		{FAC8BADE-8F3F-4801-9A13-3AD9366AF027}.Release|Any CPU.ActiveCfg = Release|Any CPU
		{FAC8BADE-8F3F-4801-9A13-3AD9366AF027}.Release|Any CPU.Build.0 = Release|Any CPU
		{574DD541-7DC8-4F8B-9318-1013A2A5A1F0}.Debug|Any CPU.ActiveCfg = Debug|Any CPU
		{574DD541-7DC8-4F8B-9318-1013A2A5A1F0}.Debug|Any CPU.Build.0 = Debug|Any CPU
		{574DD541-7DC8-4F8B-9318-1013A2A5A1F0}.Release|Any CPU.ActiveCfg = Release|Any CPU
		{574DD541-7DC8-4F8B-9318-1013A2A5A1F0}.Release|Any CPU.Build.0 = Release|Any CPU
	EndGlobalSection
	GlobalSection(SolutionProperties) = preSolution
		HideSolutionNode = FALSE
	EndGlobalSection
	GlobalSection(ExtensibilityGlobals) = postSolution
		SolutionGuid = {E0CCB5DA-3359-49D1-938B-5A0117C43D4C}
	EndGlobalSection
EndGlobal
